
Microsoft Visual Studio Solution File, Format Version 12.00
# Visual Studio 14
VisualStudioVersion = 14.0.24720.0
MinimumVisualStudioVersion = 10.0.40219.1
Project("{2150E333-8FDC-42A3-9474-1A3956D46DE8}") = "src", "src", "{54898148-3BEC-4BBE-AA5E-B04D66F78ED7}"
EndProject
Project("{FAE04EC0-301F-11D3-BF4B-00C04F79EFBC}") = "Findier.Core", "src\Findier.Core\Findier.Core.csproj", "{E9B1235A-6C6D-4F3F-B1F2-916EB42A973E}"
EndProject
Project("{FAE04EC0-301F-11D3-BF4B-00C04F79EFBC}") = "Findier.Web", "src\Findier.Web\Findier.Web.csproj", "{F2A30628-CF07-439F-82D9-126C4D3F560A}"
EndProject
Project("{2150E333-8FDC-42A3-9474-1A3956D46DE8}") = "Windows", "Windows", "{EBFEB623-B2C0-450F-AB6D-4257272B39B2}"
EndProject
Project("{FAE04EC0-301F-11D3-BF4B-00C04F79EFBC}") = "Findier.Core.Windows", "src\Windows\Findier.Core.Windows\Findier.Core.Windows.csproj", "{EBE59FF0-A671-4EDE-82AF-E5A473E30133}"
EndProject
Project("{FAE04EC0-301F-11D3-BF4B-00C04F79EFBC}") = "Findier.Windows", "src\Windows\Findier.Windows\Findier.Windows.csproj", "{575B5474-5B9A-4F2D-B100-916F0FF37D71}"
EndProject
Global
	GlobalSection(SolutionConfigurationPlatforms) = preSolution
		AppVeyor|Any CPU = AppVeyor|Any CPU
		AppVeyor|ARM = AppVeyor|ARM
		AppVeyor|x64 = AppVeyor|x64
		AppVeyor|x86 = AppVeyor|x86
		Debug|Any CPU = Debug|Any CPU
		Debug|ARM = Debug|ARM
		Debug|x64 = Debug|x64
		Debug|x86 = Debug|x86
		Release|Any CPU = Release|Any CPU
		Release|ARM = Release|ARM
		Release|x64 = Release|x64
		Release|x86 = Release|x86
	EndGlobalSection
	GlobalSection(ProjectConfigurationPlatforms) = postSolution
		{E9B1235A-6C6D-4F3F-B1F2-916EB42A973E}.AppVeyor|Any CPU.ActiveCfg = Release|Any CPU
		{E9B1235A-6C6D-4F3F-B1F2-916EB42A973E}.AppVeyor|Any CPU.Build.0 = Release|Any CPU
		{E9B1235A-6C6D-4F3F-B1F2-916EB42A973E}.AppVeyor|ARM.ActiveCfg = Release|Any CPU
		{E9B1235A-6C6D-4F3F-B1F2-916EB42A973E}.AppVeyor|ARM.Build.0 = Release|Any CPU
		{E9B1235A-6C6D-4F3F-B1F2-916EB42A973E}.AppVeyor|x64.ActiveCfg = Release|Any CPU
		{E9B1235A-6C6D-4F3F-B1F2-916EB42A973E}.AppVeyor|x64.Build.0 = Release|Any CPU
		{E9B1235A-6C6D-4F3F-B1F2-916EB42A973E}.AppVeyor|x86.ActiveCfg = Release|Any CPU
		{E9B1235A-6C6D-4F3F-B1F2-916EB42A973E}.AppVeyor|x86.Build.0 = Release|Any CPU
		{E9B1235A-6C6D-4F3F-B1F2-916EB42A973E}.Debug|Any CPU.ActiveCfg = Debug|Any CPU
		{E9B1235A-6C6D-4F3F-B1F2-916EB42A973E}.Debug|Any CPU.Build.0 = Debug|Any CPU
		{E9B1235A-6C6D-4F3F-B1F2-916EB42A973E}.Debug|ARM.ActiveCfg = Debug|Any CPU
		{E9B1235A-6C6D-4F3F-B1F2-916EB42A973E}.Debug|ARM.Build.0 = Debug|Any CPU
		{E9B1235A-6C6D-4F3F-B1F2-916EB42A973E}.Debug|x64.ActiveCfg = Debug|Any CPU
		{E9B1235A-6C6D-4F3F-B1F2-916EB42A973E}.Debug|x64.Build.0 = Debug|Any CPU
		{E9B1235A-6C6D-4F3F-B1F2-916EB42A973E}.Debug|x86.ActiveCfg = Debug|Any CPU
		{E9B1235A-6C6D-4F3F-B1F2-916EB42A973E}.Debug|x86.Build.0 = Debug|Any CPU
		{E9B1235A-6C6D-4F3F-B1F2-916EB42A973E}.Release|Any CPU.ActiveCfg = Release|Any CPU
		{E9B1235A-6C6D-4F3F-B1F2-916EB42A973E}.Release|Any CPU.Build.0 = Release|Any CPU
		{E9B1235A-6C6D-4F3F-B1F2-916EB42A973E}.Release|ARM.ActiveCfg = Release|Any CPU
		{E9B1235A-6C6D-4F3F-B1F2-916EB42A973E}.Release|ARM.Build.0 = Release|Any CPU
		{E9B1235A-6C6D-4F3F-B1F2-916EB42A973E}.Release|x64.ActiveCfg = Release|Any CPU
		{E9B1235A-6C6D-4F3F-B1F2-916EB42A973E}.Release|x64.Build.0 = Release|Any CPU
		{E9B1235A-6C6D-4F3F-B1F2-916EB42A973E}.Release|x86.ActiveCfg = Release|Any CPU
		{E9B1235A-6C6D-4F3F-B1F2-916EB42A973E}.Release|x86.Build.0 = Release|Any CPU
		{F2A30628-CF07-439F-82D9-126C4D3F560A}.AppVeyor|Any CPU.ActiveCfg = Release|Any CPU
		{F2A30628-CF07-439F-82D9-126C4D3F560A}.AppVeyor|Any CPU.Build.0 = Release|Any CPU
		{F2A30628-CF07-439F-82D9-126C4D3F560A}.AppVeyor|ARM.ActiveCfg = Release|Any CPU
		{F2A30628-CF07-439F-82D9-126C4D3F560A}.AppVeyor|ARM.Build.0 = Release|Any CPU
		{F2A30628-CF07-439F-82D9-126C4D3F560A}.AppVeyor|x64.ActiveCfg = Release|Any CPU
		{F2A30628-CF07-439F-82D9-126C4D3F560A}.AppVeyor|x64.Build.0 = Release|Any CPU
		{F2A30628-CF07-439F-82D9-126C4D3F560A}.AppVeyor|x86.ActiveCfg = Release|Any CPU
		{F2A30628-CF07-439F-82D9-126C4D3F560A}.AppVeyor|x86.Build.0 = Release|Any CPU
		{F2A30628-CF07-439F-82D9-126C4D3F560A}.Debug|Any CPU.ActiveCfg = Debug|Any CPU
		{F2A30628-CF07-439F-82D9-126C4D3F560A}.Debug|Any CPU.Build.0 = Debug|Any CPU
		{F2A30628-CF07-439F-82D9-126C4D3F560A}.Debug|ARM.ActiveCfg = Debug|Any CPU
		{F2A30628-CF07-439F-82D9-126C4D3F560A}.Debug|ARM.Build.0 = Debug|Any CPU
		{F2A30628-CF07-439F-82D9-126C4D3F560A}.Debug|x64.ActiveCfg = Debug|Any CPU
		{F2A30628-CF07-439F-82D9-126C4D3F560A}.Debug|x64.Build.0 = Debug|Any CPU
		{F2A30628-CF07-439F-82D9-126C4D3F560A}.Debug|x86.ActiveCfg = Debug|Any CPU
		{F2A30628-CF07-439F-82D9-126C4D3F560A}.Debug|x86.Build.0 = Debug|Any CPU
		{F2A30628-CF07-439F-82D9-126C4D3F560A}.Release|Any CPU.ActiveCfg = Release|Any CPU
		{F2A30628-CF07-439F-82D9-126C4D3F560A}.Release|Any CPU.Build.0 = Release|Any CPU
		{F2A30628-CF07-439F-82D9-126C4D3F560A}.Release|ARM.ActiveCfg = Release|Any CPU
		{F2A30628-CF07-439F-82D9-126C4D3F560A}.Release|ARM.Build.0 = Release|Any CPU
		{F2A30628-CF07-439F-82D9-126C4D3F560A}.Release|x64.ActiveCfg = Release|Any CPU
		{F2A30628-CF07-439F-82D9-126C4D3F560A}.Release|x64.Build.0 = Release|Any CPU
		{F2A30628-CF07-439F-82D9-126C4D3F560A}.Release|x86.ActiveCfg = Release|Any CPU
		{F2A30628-CF07-439F-82D9-126C4D3F560A}.Release|x86.Build.0 = Release|Any CPU
		{EBE59FF0-A671-4EDE-82AF-E5A473E30133}.AppVeyor|Any CPU.ActiveCfg = Release|Any CPU
		{EBE59FF0-A671-4EDE-82AF-E5A473E30133}.AppVeyor|Any CPU.Build.0 = Release|Any CPU
		{EBE59FF0-A671-4EDE-82AF-E5A473E30133}.AppVeyor|ARM.ActiveCfg = Release|ARM
		{EBE59FF0-A671-4EDE-82AF-E5A473E30133}.AppVeyor|ARM.Build.0 = Release|ARM
		{EBE59FF0-A671-4EDE-82AF-E5A473E30133}.AppVeyor|x64.ActiveCfg = Release|x64
		{EBE59FF0-A671-4EDE-82AF-E5A473E30133}.AppVeyor|x64.Build.0 = Release|x64
		{EBE59FF0-A671-4EDE-82AF-E5A473E30133}.AppVeyor|x86.ActiveCfg = Release|x86
		{EBE59FF0-A671-4EDE-82AF-E5A473E30133}.AppVeyor|x86.Build.0 = Release|x86
		{EBE59FF0-A671-4EDE-82AF-E5A473E30133}.Debug|Any CPU.ActiveCfg = Debug|Any CPU
		{EBE59FF0-A671-4EDE-82AF-E5A473E30133}.Debug|Any CPU.Build.0 = Debug|Any CPU
		{EBE59FF0-A671-4EDE-82AF-E5A473E30133}.Debug|ARM.ActiveCfg = Debug|ARM
		{EBE59FF0-A671-4EDE-82AF-E5A473E30133}.Debug|ARM.Build.0 = Debug|ARM
		{EBE59FF0-A671-4EDE-82AF-E5A473E30133}.Debug|x64.ActiveCfg = Debug|x64
		{EBE59FF0-A671-4EDE-82AF-E5A473E30133}.Debug|x64.Build.0 = Debug|x64
		{EBE59FF0-A671-4EDE-82AF-E5A473E30133}.Debug|x86.ActiveCfg = Debug|x86
		{EBE59FF0-A671-4EDE-82AF-E5A473E30133}.Debug|x86.Build.0 = Debug|x86
		{EBE59FF0-A671-4EDE-82AF-E5A473E30133}.Release|Any CPU.ActiveCfg = Release|Any CPU
		{EBE59FF0-A671-4EDE-82AF-E5A473E30133}.Release|Any CPU.Build.0 = Release|Any CPU
		{EBE59FF0-A671-4EDE-82AF-E5A473E30133}.Release|ARM.ActiveCfg = Release|ARM
		{EBE59FF0-A671-4EDE-82AF-E5A473E30133}.Release|ARM.Build.0 = Release|ARM
		{EBE59FF0-A671-4EDE-82AF-E5A473E30133}.Release|x64.ActiveCfg = Release|x64
		{EBE59FF0-A671-4EDE-82AF-E5A473E30133}.Release|x64.Build.0 = Release|x64
		{EBE59FF0-A671-4EDE-82AF-E5A473E30133}.Release|x86.ActiveCfg = Release|x86
		{EBE59FF0-A671-4EDE-82AF-E5A473E30133}.Release|x86.Build.0 = Release|x86
		{575B5474-5B9A-4F2D-B100-916F0FF37D71}.AppVeyor|Any CPU.ActiveCfg = Release|x64
		{575B5474-5B9A-4F2D-B100-916F0FF37D71}.AppVeyor|Any CPU.Build.0 = Release|x64
		{575B5474-5B9A-4F2D-B100-916F0FF37D71}.AppVeyor|Any CPU.Deploy.0 = Release|x64
		{575B5474-5B9A-4F2D-B100-916F0FF37D71}.AppVeyor|ARM.ActiveCfg = Release|ARM
		{575B5474-5B9A-4F2D-B100-916F0FF37D71}.AppVeyor|ARM.Build.0 = Release|ARM
		{575B5474-5B9A-4F2D-B100-916F0FF37D71}.AppVeyor|ARM.Deploy.0 = Release|ARM
		{575B5474-5B9A-4F2D-B100-916F0FF37D71}.AppVeyor|x64.ActiveCfg = Release|x64
		{575B5474-5B9A-4F2D-B100-916F0FF37D71}.AppVeyor|x64.Build.0 = Release|x64
		{575B5474-5B9A-4F2D-B100-916F0FF37D71}.AppVeyor|x64.Deploy.0 = Release|x64
		{575B5474-5B9A-4F2D-B100-916F0FF37D71}.AppVeyor|x86.ActiveCfg = Release|x86
		{575B5474-5B9A-4F2D-B100-916F0FF37D71}.AppVeyor|x86.Build.0 = Release|x86
		{575B5474-5B9A-4F2D-B100-916F0FF37D71}.AppVeyor|x86.Deploy.0 = Release|x86
		{575B5474-5B9A-4F2D-B100-916F0FF37D71}.Debug|Any CPU.ActiveCfg = Debug|x86
		{575B5474-5B9A-4F2D-B100-916F0FF37D71}.Debug|ARM.ActiveCfg = Debug|ARM
		{575B5474-5B9A-4F2D-B100-916F0FF37D71}.Debug|ARM.Build.0 = Debug|ARM
		{575B5474-5B9A-4F2D-B100-916F0FF37D71}.Debug|ARM.Deploy.0 = Debug|ARM
		{575B5474-5B9A-4F2D-B100-916F0FF37D71}.Debug|x64.ActiveCfg = Debug|x64
		{575B5474-5B9A-4F2D-B100-916F0FF37D71}.Debug|x64.Build.0 = Debug|x64
		{575B5474-5B9A-4F2D-B100-916F0FF37D71}.Debug|x64.Deploy.0 = Debug|x64
		{575B5474-5B9A-4F2D-B100-916F0FF37D71}.Debug|x86.ActiveCfg = Debug|x86
		{575B5474-5B9A-4F2D-B100-916F0FF37D71}.Debug|x86.Build.0 = Debug|x86
		{575B5474-5B9A-4F2D-B100-916F0FF37D71}.Debug|x86.Deploy.0 = Debug|x86
		{575B5474-5B9A-4F2D-B100-916F0FF37D71}.Release|Any CPU.ActiveCfg = Release|x86
		{575B5474-5B9A-4F2D-B100-916F0FF37D71}.Release|ARM.ActiveCfg = Release|ARM
		{575B5474-5B9A-4F2D-B100-916F0FF37D71}.Release|ARM.Build.0 = Release|ARM
		{575B5474-5B9A-4F2D-B100-916F0FF37D71}.Release|ARM.Deploy.0 = Release|ARM
		{575B5474-5B9A-4F2D-B100-916F0FF37D71}.Release|x64.ActiveCfg = Release|x64
		{575B5474-5B9A-4F2D-B100-916F0FF37D71}.Release|x64.Build.0 = Release|x64
		{575B5474-5B9A-4F2D-B100-916F0FF37D71}.Release|x64.Deploy.0 = Release|x64
		{575B5474-5B9A-4F2D-B100-916F0FF37D71}.Release|x86.ActiveCfg = Release|x86
		{575B5474-5B9A-4F2D-B100-916F0FF37D71}.Release|x86.Build.0 = Release|x86
		{575B5474-5B9A-4F2D-B100-916F0FF37D71}.Release|x86.Deploy.0 = Release|x86
	EndGlobalSection
	GlobalSection(SolutionProperties) = preSolution
		HideSolutionNode = FALSE
	EndGlobalSection
	GlobalSection(NestedProjects) = preSolution
		{E9B1235A-6C6D-4F3F-B1F2-916EB42A973E} = {54898148-3BEC-4BBE-AA5E-B04D66F78ED7}
		{F2A30628-CF07-439F-82D9-126C4D3F560A} = {54898148-3BEC-4BBE-AA5E-B04D66F78ED7}
		{EBFEB623-B2C0-450F-AB6D-4257272B39B2} = {54898148-3BEC-4BBE-AA5E-B04D66F78ED7}
		{EBE59FF0-A671-4EDE-82AF-E5A473E30133} = {EBFEB623-B2C0-450F-AB6D-4257272B39B2}
		{575B5474-5B9A-4F2D-B100-916F0FF37D71} = {EBFEB623-B2C0-450F-AB6D-4257272B39B2}
	EndGlobalSection
EndGlobal
